// !$*UTF8*$!
{
	archiveVersion = 1;
	classes = {
	};
	objectVersion = 46;
	objects = {

/* Begin PBXBuildFile section */
		303F3AC80C4D8022D459CED9 /* libPods.a in Frameworks */ = {isa = PBXBuildFile; fileRef = 8587D77141710C6C13187245 /* libPods.a */; };
		F600E2641ACEF477003441E7 /* AppDelegate.swift in Sources */ = {isa = PBXBuildFile; fileRef = F600E2631ACEF477003441E7 /* AppDelegate.swift */; };
		F600E2671ACEF477003441E7 /* Hyper_Recipes.xcdatamodeld in Sources */ = {isa = PBXBuildFile; fileRef = F600E2651ACEF477003441E7 /* Hyper_Recipes.xcdatamodeld */; };
		F600E2691ACEF477003441E7 /* ViewController.swift in Sources */ = {isa = PBXBuildFile; fileRef = F600E2681ACEF477003441E7 /* ViewController.swift */; };
		F600E26E1ACEF477003441E7 /* Images.xcassets in Resources */ = {isa = PBXBuildFile; fileRef = F600E26D1ACEF477003441E7 /* Images.xcassets */; };
		F63C408B1ACF0FE50026E050 /* UIFont+Recipes.swift in Sources */ = {isa = PBXBuildFile; fileRef = F63C408A1ACF0FE50026E050 /* UIFont+Recipes.swift */; };
		F68713831AD27EC8003D3E2A /* RecipesCollectionViewCell.swift in Sources */ = {isa = PBXBuildFile; fileRef = F68713821AD27EC8003D3E2A /* RecipesCollectionViewCell.swift */; };
		F68713851AD28C5C003D3E2A /* Photos.swift in Sources */ = {isa = PBXBuildFile; fileRef = F68713841AD28C5C003D3E2A /* Photos.swift */; };
		F68713871AD28C5D003D3E2A /* Recipes.swift in Sources */ = {isa = PBXBuildFile; fileRef = F68713861AD28C5D003D3E2A /* Recipes.swift */; };
		F6B66BFB1AD1B355004831E2 /* Networking.swift in Sources */ = {isa = PBXBuildFile; fileRef = F6B66BFA1AD1B355004831E2 /* Networking.swift */; };
		F6CE9E7B1AD1C3EF00C4800F /* LayoutViews.swift in Sources */ = {isa = PBXBuildFile; fileRef = F6CE9E7A1AD1C3EF00C4800F /* LayoutViews.swift */; };
		F6D2EF661AD2F94200744772 /* DetailViewController.swift in Sources */ = {isa = PBXBuildFile; fileRef = F6D2EF651AD2F94200744772 /* DetailViewController.swift */; };
/* End PBXBuildFile section */

/* Begin PBXFileReference section */
		41966C6CD0982E9F57632CDE /* Pods.release.xcconfig */ = {isa = PBXFileReference; includeInIndex = 1; lastKnownFileType = text.xcconfig; name = Pods.release.xcconfig; path = "Pods/Target Support Files/Pods/Pods.release.xcconfig"; sourceTree = "<group>"; };
		8587D77141710C6C13187245 /* libPods.a */ = {isa = PBXFileReference; explicitFileType = archive.ar; includeInIndex = 0; path = libPods.a; sourceTree = BUILT_PRODUCTS_DIR; };
		F600E25E1ACEF477003441E7 /* Hyper-Recipes.app */ = {isa = PBXFileReference; explicitFileType = wrapper.application; includeInIndex = 0; path = "Hyper-Recipes.app"; sourceTree = BUILT_PRODUCTS_DIR; };
		F600E2621ACEF477003441E7 /* Info.plist */ = {isa = PBXFileReference; lastKnownFileType = text.plist.xml; path = Info.plist; sourceTree = "<group>"; };
		F600E2631ACEF477003441E7 /* AppDelegate.swift */ = {isa = PBXFileReference; lastKnownFileType = sourcecode.swift; path = AppDelegate.swift; sourceTree = "<group>"; };
		F600E2661ACEF477003441E7 /* Hyper_Recipes.xcdatamodel */ = {isa = PBXFileReference; lastKnownFileType = wrapper.xcdatamodel; path = Hyper_Recipes.xcdatamodel; sourceTree = "<group>"; };
		F600E2681ACEF477003441E7 /* ViewController.swift */ = {isa = PBXFileReference; lastKnownFileType = sourcecode.swift; path = ViewController.swift; sourceTree = "<group>"; };
		F600E26D1ACEF477003441E7 /* Images.xcassets */ = {isa = PBXFileReference; lastKnownFileType = folder.assetcatalog; path = Images.xcassets; sourceTree = "<group>"; };
		F600E2701ACEF477003441E7 /* Base */ = {isa = PBXFileReference; lastKnownFileType = file.xib; name = Base; path = Base.lproj/LaunchScreen.xib; sourceTree = "<group>"; };
		F600E2871ACEFECC003441E7 /* Swifty-bridge.h */ = {isa = PBXFileReference; lastKnownFileType = sourcecode.c.h; path = "Swifty-bridge.h"; sourceTree = "<group>"; };
		F63C408A1ACF0FE50026E050 /* UIFont+Recipes.swift */ = {isa = PBXFileReference; fileEncoding = 4; lastKnownFileType = sourcecode.swift; path = "UIFont+Recipes.swift"; sourceTree = "<group>"; };
		F68713821AD27EC8003D3E2A /* RecipesCollectionViewCell.swift */ = {isa = PBXFileReference; fileEncoding = 4; lastKnownFileType = sourcecode.swift; path = RecipesCollectionViewCell.swift; sourceTree = "<group>"; };
		F68713841AD28C5C003D3E2A /* Photos.swift */ = {isa = PBXFileReference; fileEncoding = 4; lastKnownFileType = sourcecode.swift; path = Photos.swift; sourceTree = "<group>"; };
		F68713861AD28C5D003D3E2A /* Recipes.swift */ = {isa = PBXFileReference; fileEncoding = 4; lastKnownFileType = sourcecode.swift; path = Recipes.swift; sourceTree = "<group>"; };
		F6B66BFA1AD1B355004831E2 /* Networking.swift */ = {isa = PBXFileReference; fileEncoding = 4; lastKnownFileType = sourcecode.swift; path = Networking.swift; sourceTree = "<group>"; };
		F6CE9E7A1AD1C3EF00C4800F /* LayoutViews.swift */ = {isa = PBXFileReference; fileEncoding = 4; lastKnownFileType = sourcecode.swift; path = LayoutViews.swift; sourceTree = "<group>"; };
		F6D2EF651AD2F94200744772 /* DetailViewController.swift */ = {isa = PBXFileReference; fileEncoding = 4; lastKnownFileType = sourcecode.swift; path = DetailViewController.swift; sourceTree = "<group>"; };
		FC3E8A8F403F6A951E82235E /* Pods.debug.xcconfig */ = {isa = PBXFileReference; includeInIndex = 1; lastKnownFileType = text.xcconfig; name = Pods.debug.xcconfig; path = "Pods/Target Support Files/Pods/Pods.debug.xcconfig"; sourceTree = "<group>"; };
/* End PBXFileReference section */

/* Begin PBXFrameworksBuildPhase section */
		F600E25B1ACEF477003441E7 /* Frameworks */ = {
			isa = PBXFrameworksBuildPhase;
			buildActionMask = 2147483647;
			files = (
				303F3AC80C4D8022D459CED9 /* libPods.a in Frameworks */,
			);
			runOnlyForDeploymentPostprocessing = 0;
		};
/* End PBXFrameworksBuildPhase section */

/* Begin PBXGroup section */
		7C5185B1F4B1DC2B92F31A9A /* Frameworks */ = {
			isa = PBXGroup;
			children = (
				8587D77141710C6C13187245 /* libPods.a */,
			);
			name = Frameworks;
			sourceTree = "<group>";
		};
		B6B63ADD5A2FC2E2A6E467AA /* Pods */ = {
			isa = PBXGroup;
			children = (
				FC3E8A8F403F6A951E82235E /* Pods.debug.xcconfig */,
				41966C6CD0982E9F57632CDE /* Pods.release.xcconfig */,
			);
			name = Pods;
			sourceTree = "<group>";
		};
		F600E2551ACEF477003441E7 = {
			isa = PBXGroup;
			children = (
				F600E2601ACEF477003441E7 /* Hyper-Recipes */,
				F600E25F1ACEF477003441E7 /* Products */,
				B6B63ADD5A2FC2E2A6E467AA /* Pods */,
				7C5185B1F4B1DC2B92F31A9A /* Frameworks */,
			);
			sourceTree = "<group>";
		};
		F600E25F1ACEF477003441E7 /* Products */ = {
			isa = PBXGroup;
			children = (
				F600E25E1ACEF477003441E7 /* Hyper-Recipes.app */,
			);
			name = Products;
			sourceTree = "<group>";
		};
		F600E2601ACEF477003441E7 /* Hyper-Recipes */ = {
			isa = PBXGroup;
			children = (
				F600E2631ACEF477003441E7 /* AppDelegate.swift */,
				F600E2681ACEF477003441E7 /* ViewController.swift */,
				F6D2EF651AD2F94200744772 /* DetailViewController.swift */,
				F6D2EF691AD2FBA200744772 /* Helper classes */,
				F6BCACB41AD27A2D007FFF80 /* Model */,
				F632EDCD1AD45D8E003C344B /* Managers */,
				F600E2611ACEF477003441E7 /* Supporting Files */,
				F632EDCC1AD45D7A003C344B /* Images */,
			);
			path = "Hyper-Recipes";
			sourceTree = "<group>";
		};
		F600E2611ACEF477003441E7 /* Supporting Files */ = {
			isa = PBXGroup;
			children = (
				F600E2871ACEFECC003441E7 /* Swifty-bridge.h */,
				F63C408A1ACF0FE50026E050 /* UIFont+Recipes.swift */,
				F600E26F1ACEF477003441E7 /* LaunchScreen.xib */,
				F600E2621ACEF477003441E7 /* Info.plist */,
			);
			name = "Supporting Files";
			sourceTree = "<group>";
		};
		F632EDCC1AD45D7A003C344B /* Images */ = {
			isa = PBXGroup;
			children = (
				F600E26D1ACEF477003441E7 /* Images.xcassets */,
			);
			name = Images;
			sourceTree = "<group>";
		};
		F632EDCD1AD45D8E003C344B /* Managers */ = {
			isa = PBXGroup;
			children = (
				F6CE9E7A1AD1C3EF00C4800F /* LayoutViews.swift */,
			);
			name = Managers;
			sourceTree = "<group>";
		};
		F6BCACB41AD27A2D007FFF80 /* Model */ = {
			isa = PBXGroup;
			children = (
				F68713861AD28C5D003D3E2A /* Recipes.swift */,
				F68713841AD28C5C003D3E2A /* Photos.swift */,
				F600E2651ACEF477003441E7 /* Hyper_Recipes.xcdatamodeld */,
			);
			name = Model;
			sourceTree = "<group>";
		};
		F6D2EF691AD2FBA200744772 /* Helper classes */ = {
			isa = PBXGroup;
			children = (
				F6B66BFA1AD1B355004831E2 /* Networking.swift */,
				F68713821AD27EC8003D3E2A /* RecipesCollectionViewCell.swift */,
			);
			name = "Helper classes";
			sourceTree = "<group>";
		};
/* End PBXGroup section */

/* Begin PBXNativeTarget section */
		F600E25D1ACEF477003441E7 /* Hyper-Recipes */ = {
			isa = PBXNativeTarget;
			buildConfigurationList = F600E2801ACEF477003441E7 /* Build configuration list for PBXNativeTarget "Hyper-Recipes" */;
			buildPhases = (
				B856094CD4134F4DB2B51010 /* Check Pods Manifest.lock */,
				F600E25A1ACEF477003441E7 /* Sources */,
				F600E25B1ACEF477003441E7 /* Frameworks */,
				F600E25C1ACEF477003441E7 /* Resources */,
				4D683D38BF75C02C54EF8DC0 /* Copy Pods Resources */,
			);
			buildRules = (
			);
			dependencies = (
			);
			name = "Hyper-Recipes";
			productName = "Hyper-Recipes";
			productReference = F600E25E1ACEF477003441E7 /* Hyper-Recipes.app */;
			productType = "com.apple.product-type.application";
		};
/* End PBXNativeTarget section */

/* Begin PBXProject section */
		F600E2561ACEF477003441E7 /* Project object */ = {
			isa = PBXProject;
			attributes = {
				LastUpgradeCheck = 0620;
				ORGANIZATIONNAME = "Ramon Gilabert";
				TargetAttributes = {
					F600E25D1ACEF477003441E7 = {
						CreatedOnToolsVersion = 6.2;
					};
				};
			};
			buildConfigurationList = F600E2591ACEF477003441E7 /* Build configuration list for PBXProject "Hyper-Recipes" */;
			compatibilityVersion = "Xcode 3.2";
			developmentRegion = English;
			hasScannedForEncodings = 0;
			knownRegions = (
				en,
				Base,
			);
			mainGroup = F600E2551ACEF477003441E7;
			productRefGroup = F600E25F1ACEF477003441E7 /* Products */;
			projectDirPath = "";
			projectRoot = "";
			targets = (
				F600E25D1ACEF477003441E7 /* Hyper-Recipes */,
			);
		};
/* End PBXProject section */

/* Begin PBXResourcesBuildPhase section */
		F600E25C1ACEF477003441E7 /* Resources */ = {
			isa = PBXResourcesBuildPhase;
			buildActionMask = 2147483647;
			files = (
				F600E26E1ACEF477003441E7 /* Images.xcassets in Resources */,
			);
			runOnlyForDeploymentPostprocessing = 0;
		};
/* End PBXResourcesBuildPhase section */

/* Begin PBXShellScriptBuildPhase section */
		4D683D38BF75C02C54EF8DC0 /* Copy Pods Resources */ = {
			isa = PBXShellScriptBuildPhase;
			buildActionMask = 2147483647;
			files = (
			);
			inputPaths = (
			);
			name = "Copy Pods Resources";
			outputPaths = (
			);
			runOnlyForDeploymentPostprocessing = 0;
			shellPath = /bin/sh;
			shellScript = "\"${SRCROOT}/Pods/Target Support Files/Pods/Pods-resources.sh\"\n";
			showEnvVarsInLog = 0;
		};
		B856094CD4134F4DB2B51010 /* Check Pods Manifest.lock */ = {
			isa = PBXShellScriptBuildPhase;
			buildActionMask = 2147483647;
			files = (
			);
			inputPaths = (
			);
			name = "Check Pods Manifest.lock";
			outputPaths = (
			);
			runOnlyForDeploymentPostprocessing = 0;
			shellPath = /bin/sh;
			shellScript = "diff \"${PODS_ROOT}/../Podfile.lock\" \"${PODS_ROOT}/Manifest.lock\" > /dev/null\nif [[ $? != 0 ]] ; then\n    cat << EOM\nerror: The sandbox is not in sync with the Podfile.lock. Run 'pod install' or update your CocoaPods installation.\nEOM\n    exit 1\nfi\n";
			showEnvVarsInLog = 0;
		};
/* End PBXShellScriptBuildPhase section */

/* Begin PBXSourcesBuildPhase section */
		F600E25A1ACEF477003441E7 /* Sources */ = {
			isa = PBXSourcesBuildPhase;
			buildActionMask = 2147483647;
			files = (
				F600E2691ACEF477003441E7 /* ViewController.swift in Sources */,
				F6B66BFB1AD1B355004831E2 /* Networking.swift in Sources */,
				F68713831AD27EC8003D3E2A /* RecipesCollectionViewCell.swift in Sources */,
				F6CE9E7B1AD1C3EF00C4800F /* LayoutViews.swift in Sources */,
				F68713851AD28C5C003D3E2A /* Photos.swift in Sources */,
				F600E2671ACEF477003441E7 /* Hyper_Recipes.xcdatamodeld in Sources */,
				F63C408B1ACF0FE50026E050 /* UIFont+Recipes.swift in Sources */,
				F6D2EF661AD2F94200744772 /* DetailViewController.swift in Sources */,
				F68713871AD28C5D003D3E2A /* Recipes.swift in Sources */,
				F600E2641ACEF477003441E7 /* AppDelegate.swift in Sources */,
			);
			runOnlyForDeploymentPostprocessing = 0;
		};
/* End PBXSourcesBuildPhase section */

/* Begin PBXVariantGroup section */
		F600E26F1ACEF477003441E7 /* LaunchScreen.xib */ = {
			isa = PBXVariantGroup;
			children = (
				F600E2701ACEF477003441E7 /* Base */,
			);
			name = LaunchScreen.xib;
			sourceTree = "<group>";
		};
/* End PBXVariantGroup section */

/* Begin XCBuildConfiguration section */
		F600E27E1ACEF477003441E7 /* Debug */ = {
			isa = XCBuildConfiguration;
			buildSettings = {
				ALWAYS_SEARCH_USER_PATHS = NO;
				CLANG_CXX_LANGUAGE_STANDARD = "gnu++0x";
				CLANG_CXX_LIBRARY = "libc++";
				CLANG_ENABLE_MODULES = YES;
				CLANG_ENABLE_OBJC_ARC = YES;
				CLANG_WARN_BOOL_CONVERSION = YES;
				CLANG_WARN_CONSTANT_CONVERSION = YES;
				CLANG_WARN_DIRECT_OBJC_ISA_USAGE = YES_ERROR;
				CLANG_WARN_EMPTY_BODY = YES;
				CLANG_WARN_ENUM_CONVERSION = YES;
				CLANG_WARN_INT_CONVERSION = YES;
				CLANG_WARN_OBJC_ROOT_CLASS = YES_ERROR;
				CLANG_WARN_UNREACHABLE_CODE = YES;
				CLANG_WARN__DUPLICATE_METHOD_MATCH = YES;
				"CODE_SIGN_IDENTITY[sdk=iphoneos*]" = "iPhone Developer";
				COPY_PHASE_STRIP = NO;
				ENABLE_STRICT_OBJC_MSGSEND = YES;
				GCC_C_LANGUAGE_STANDARD = gnu99;
				GCC_DYNAMIC_NO_PIC = NO;
				GCC_OPTIMIZATION_LEVEL = 0;
				GCC_PREPROCESSOR_DEFINITIONS = (
					"DEBUG=1",
					"$(inherited)",
				);
				GCC_SYMBOLS_PRIVATE_EXTERN = NO;
				GCC_WARN_64_TO_32_BIT_CONVERSION = YES;
				GCC_WARN_ABOUT_RETURN_TYPE = YES_ERROR;
				GCC_WARN_UNDECLARED_SELECTOR = YES;
				GCC_WARN_UNINITIALIZED_AUTOS = YES_AGGRESSIVE;
				GCC_WARN_UNUSED_FUNCTION = YES;
				GCC_WARN_UNUSED_VARIABLE = YES;
				IPHONEOS_DEPLOYMENT_TARGET = 8.2;
				MTL_ENABLE_DEBUG_INFO = YES;
				ONLY_ACTIVE_ARCH = YES;
				SDKROOT = iphoneos;
				SWIFT_OPTIMIZATION_LEVEL = "-Onone";
			};
			name = Debug;
		};
		F600E27F1ACEF477003441E7 /* Release */ = {
			isa = XCBuildConfiguration;
			buildSettings = {
				ALWAYS_SEARCH_USER_PATHS = NO;
				CLANG_CXX_LANGUAGE_STANDARD = "gnu++0x";
				CLANG_CXX_LIBRARY = "libc++";
				CLANG_ENABLE_MODULES = YES;
				CLANG_ENABLE_OBJC_ARC = YES;
				CLANG_WARN_BOOL_CONVERSION = YES;
				CLANG_WARN_CONSTANT_CONVERSION = YES;
				CLANG_WARN_DIRECT_OBJC_ISA_USAGE = YES_ERROR;
				CLANG_WARN_EMPTY_BODY = YES;
				CLANG_WARN_ENUM_CONVERSION = YES;
				CLANG_WARN_INT_CONVERSION = YES;
				CLANG_WARN_OBJC_ROOT_CLASS = YES_ERROR;
				CLANG_WARN_UNREACHABLE_CODE = YES;
				CLANG_WARN__DUPLICATE_METHOD_MATCH = YES;
				"CODE_SIGN_IDENTITY[sdk=iphoneos*]" = "iPhone Developer";
				COPY_PHASE_STRIP = NO;
				ENABLE_NS_ASSERTIONS = NO;
				ENABLE_STRICT_OBJC_MSGSEND = YES;
				GCC_C_LANGUAGE_STANDARD = gnu99;
				GCC_WARN_64_TO_32_BIT_CONVERSION = YES;
				GCC_WARN_ABOUT_RETURN_TYPE = YES_ERROR;
				GCC_WARN_UNDECLARED_SELECTOR = YES;
				GCC_WARN_UNINITIALIZED_AUTOS = YES_AGGRESSIVE;
				GCC_WARN_UNUSED_FUNCTION = YES;
				GCC_WARN_UNUSED_VARIABLE = YES;
				IPHONEOS_DEPLOYMENT_TARGET = 8.2;
				MTL_ENABLE_DEBUG_INFO = NO;
				SDKROOT = iphoneos;
				VALIDATE_PRODUCT = YES;
			};
			name = Release;
		};
		F600E2811ACEF477003441E7 /* Debug */ = {
			isa = XCBuildConfiguration;
			baseConfigurationReference = FC3E8A8F403F6A951E82235E /* Pods.debug.xcconfig */;
			buildSettings = {
				ASSETCATALOG_COMPILER_APPICON_NAME = AppIcon;
				INFOPLIST_FILE = "Hyper-Recipes/Info.plist";
				LD_RUNPATH_SEARCH_PATHS = "$(inherited) @executable_path/Frameworks";
				PRODUCT_NAME = "$(TARGET_NAME)";
				SWIFT_OBJC_BRIDGING_HEADER = "Hyper-Recipes/Swifty-bridge.h";
				SWIFT_OPTIMIZATION_LEVEL = "-O";
			};
			name = Debug;
		};
		F600E2821ACEF477003441E7 /* Release */ = {
			isa = XCBuildConfiguration;
			baseConfigurationReference = 41966C6CD0982E9F57632CDE /* Pods.release.xcconfig */;
			buildSettings = {
				ASSETCATALOG_COMPILER_APPICON_NAME = AppIcon;
				INFOPLIST_FILE = "Hyper-Recipes/Info.plist";
				LD_RUNPATH_SEARCH_PATHS = "$(inherited) @executable_path/Frameworks";
				PRODUCT_NAME = "$(TARGET_NAME)";
				SWIFT_OBJC_BRIDGING_HEADER = "Hyper-Recipes/Swifty-bridge.h";
				SWIFT_OPTIMIZATION_LEVEL = "-O";
			};
			name = Release;
		};
/* End XCBuildConfiguration section */

/* Begin XCConfigurationList section */
		F600E2591ACEF477003441E7 /* Build configuration list for PBXProject "Hyper-Recipes" */ = {
			isa = XCConfigurationList;
			buildConfigurations = (
				F600E27E1ACEF477003441E7 /* Debug */,
				F600E27F1ACEF477003441E7 /* Release */,
			);
			defaultConfigurationIsVisible = 0;
			defaultConfigurationName = Release;
		};
		F600E2801ACEF477003441E7 /* Build configuration list for PBXNativeTarget "Hyper-Recipes" */ = {
			isa = XCConfigurationList;
			buildConfigurations = (
				F600E2811ACEF477003441E7 /* Debug */,
				F600E2821ACEF477003441E7 /* Release */,
			);
			defaultConfigurationIsVisible = 0;
			defaultConfigurationName = Release;
		};
/* End XCConfigurationList section */

/* Begin XCVersionGroup section */
		F600E2651ACEF477003441E7 /* Hyper_Recipes.xcdatamodeld */ = {
			isa = XCVersionGroup;
			children = (
				F600E2661ACEF477003441E7 /* Hyper_Recipes.xcdatamodel */,
			);
			currentVersion = F600E2661ACEF477003441E7 /* Hyper_Recipes.xcdatamodel */;
			path = Hyper_Recipes.xcdatamodeld;
			sourceTree = "<group>";
			versionGroupType = wrapper.xcdatamodel;
		};
/* End XCVersionGroup section */
	};
	rootObject = F600E2561ACEF477003441E7 /* Project object */;
}
